// !$*UTF8*$!
{
	archiveVersion = 1;
	classes = {
	};
	objectVersion = 50;
	objects = {

/* Begin PBXBuildFile section */
		0363C9E5447442341C574D0B /* Pods_MyTestAppUITests.framework in Frameworks */ = {isa = PBXBuildFile; fileRef = FB723EFCEA48BB5BF872FF69 /* Pods_MyTestAppUITests.framework */; };
		61A0FD824D548F997B5A4FA0 /* Pods_MyTestAppTests.framework in Frameworks */ = {isa = PBXBuildFile; fileRef = D0D0061F592E63C6A3B3C389 /* Pods_MyTestAppTests.framework */; };
		CD93C162C46D6AFBA4D4A23D /* Pods_MyTestApp.framework in Frameworks */ = {isa = PBXBuildFile; fileRef = 406E9118E5B7C4B9449AA05C /* Pods_MyTestApp.framework */; };
		D33FF1B821072955001A4286 /* AppDelegate.swift in Sources */ = {isa = PBXBuildFile; fileRef = D33FF1B721072955001A4286 /* AppDelegate.swift */; };
		D33FF1BA21072955001A4286 /* ViewController.swift in Sources */ = {isa = PBXBuildFile; fileRef = D33FF1B921072955001A4286 /* ViewController.swift */; };
		D33FF1BD21072955001A4286 /* Main.storyboard in Resources */ = {isa = PBXBuildFile; fileRef = D33FF1BB21072955001A4286 /* Main.storyboard */; };
		D33FF1BF21072956001A4286 /* Assets.xcassets in Resources */ = {isa = PBXBuildFile; fileRef = D33FF1BE21072956001A4286 /* Assets.xcassets */; };
		D33FF1C221072956001A4286 /* LaunchScreen.storyboard in Resources */ = {isa = PBXBuildFile; fileRef = D33FF1C021072956001A4286 /* LaunchScreen.storyboard */; };
		D33FF1CD21072956001A4286 /* MyTestAppTests.swift in Sources */ = {isa = PBXBuildFile; fileRef = D33FF1CC21072956001A4286 /* MyTestAppTests.swift */; };
		D33FF1D821072956001A4286 /* MyTestAppUITests.swift in Sources */ = {isa = PBXBuildFile; fileRef = D33FF1D721072956001A4286 /* MyTestAppUITests.swift */; };
		D33FF1E621072E8B001A4286 /* MyCustomView.swift in Sources */ = {isa = PBXBuildFile; fileRef = D33FF1E521072E8B001A4286 /* MyCustomView.swift */; };
		D33FF1EA21072FD1001A4286 /* UIViewExntensions.swift in Sources */ = {isa = PBXBuildFile; fileRef = D33FF1E921072FD1001A4286 /* UIViewExntensions.swift */; };
		D33FF1EC21073144001A4286 /* UILabelExtensions.swift in Sources */ = {isa = PBXBuildFile; fileRef = D33FF1EB21073144001A4286 /* UILabelExtensions.swift */; };
		D33FF1EE210739A3001A4286 /* MyCustomViewTests.swift in Sources */ = {isa = PBXBuildFile; fileRef = D33FF1ED210739A3001A4286 /* MyCustomViewTests.swift */; };
/* End PBXBuildFile section */

/* Begin PBXContainerItemProxy section */
		D33FF1C921072956001A4286 /* PBXContainerItemProxy */ = {
			isa = PBXContainerItemProxy;
			containerPortal = D33FF1AC21072955001A4286 /* Project object */;
			proxyType = 1;
			remoteGlobalIDString = D33FF1B321072955001A4286;
			remoteInfo = MyTestApp;
		};
		D33FF1D421072956001A4286 /* PBXContainerItemProxy */ = {
			isa = PBXContainerItemProxy;
			containerPortal = D33FF1AC21072955001A4286 /* Project object */;
			proxyType = 1;
			remoteGlobalIDString = D33FF1B321072955001A4286;
			remoteInfo = MyTestApp;
		};
/* End PBXContainerItemProxy section */

/* Begin PBXFileReference section */
		1BA303F73FB5E5923749DA49 /* Pods-MyTestAppTests.debug.xcconfig */ = {isa = PBXFileReference; includeInIndex = 1; lastKnownFileType = text.xcconfig; name = "Pods-MyTestAppTests.debug.xcconfig"; path = "Pods/Target Support Files/Pods-MyTestAppTests/Pods-MyTestAppTests.debug.xcconfig"; sourceTree = "<group>"; };
		3DE6034F286D2C51CF0BCFE5 /* Pods-MyTestAppUITests.release.xcconfig */ = {isa = PBXFileReference; includeInIndex = 1; lastKnownFileType = text.xcconfig; name = "Pods-MyTestAppUITests.release.xcconfig"; path = "Pods/Target Support Files/Pods-MyTestAppUITests/Pods-MyTestAppUITests.release.xcconfig"; sourceTree = "<group>"; };
		406E9118E5B7C4B9449AA05C /* Pods_MyTestApp.framework */ = {isa = PBXFileReference; explicitFileType = wrapper.framework; includeInIndex = 0; path = Pods_MyTestApp.framework; sourceTree = BUILT_PRODUCTS_DIR; };
		5EE9EC62498AECA33B2ADE7C /* Pods-MyTestAppTests.release.xcconfig */ = {isa = PBXFileReference; includeInIndex = 1; lastKnownFileType = text.xcconfig; name = "Pods-MyTestAppTests.release.xcconfig"; path = "Pods/Target Support Files/Pods-MyTestAppTests/Pods-MyTestAppTests.release.xcconfig"; sourceTree = "<group>"; };
		9E37B26A85CC38A292217795 /* Pods-MyTestApp.debug.xcconfig */ = {isa = PBXFileReference; includeInIndex = 1; lastKnownFileType = text.xcconfig; name = "Pods-MyTestApp.debug.xcconfig"; path = "Pods/Target Support Files/Pods-MyTestApp/Pods-MyTestApp.debug.xcconfig"; sourceTree = "<group>"; };
		B1E300619C67EA0FCF5F7FA6 /* Pods-MyTestAppUITests.debug.xcconfig */ = {isa = PBXFileReference; includeInIndex = 1; lastKnownFileType = text.xcconfig; name = "Pods-MyTestAppUITests.debug.xcconfig"; path = "Pods/Target Support Files/Pods-MyTestAppUITests/Pods-MyTestAppUITests.debug.xcconfig"; sourceTree = "<group>"; };
		B85FEF8C9CA8E5A9460444CE /* Pods-MyTestApp.release.xcconfig */ = {isa = PBXFileReference; includeInIndex = 1; lastKnownFileType = text.xcconfig; name = "Pods-MyTestApp.release.xcconfig"; path = "Pods/Target Support Files/Pods-MyTestApp/Pods-MyTestApp.release.xcconfig"; sourceTree = "<group>"; };
		D0D0061F592E63C6A3B3C389 /* Pods_MyTestAppTests.framework */ = {isa = PBXFileReference; explicitFileType = wrapper.framework; includeInIndex = 0; path = Pods_MyTestAppTests.framework; sourceTree = BUILT_PRODUCTS_DIR; };
		D33FF1B421072955001A4286 /* MyTestApp.app */ = {isa = PBXFileReference; explicitFileType = wrapper.application; includeInIndex = 0; path = MyTestApp.app; sourceTree = BUILT_PRODUCTS_DIR; };
		D33FF1B721072955001A4286 /* AppDelegate.swift */ = {isa = PBXFileReference; lastKnownFileType = sourcecode.swift; path = AppDelegate.swift; sourceTree = "<group>"; };
		D33FF1B921072955001A4286 /* ViewController.swift */ = {isa = PBXFileReference; lastKnownFileType = sourcecode.swift; path = ViewController.swift; sourceTree = "<group>"; };
		D33FF1BC21072955001A4286 /* Base */ = {isa = PBXFileReference; lastKnownFileType = file.storyboard; name = Base; path = Base.lproj/Main.storyboard; sourceTree = "<group>"; };
		D33FF1BE21072956001A4286 /* Assets.xcassets */ = {isa = PBXFileReference; lastKnownFileType = folder.assetcatalog; path = Assets.xcassets; sourceTree = "<group>"; };
		D33FF1C121072956001A4286 /* Base */ = {isa = PBXFileReference; lastKnownFileType = file.storyboard; name = Base; path = Base.lproj/LaunchScreen.storyboard; sourceTree = "<group>"; };
		D33FF1C321072956001A4286 /* Info.plist */ = {isa = PBXFileReference; lastKnownFileType = text.plist.xml; path = Info.plist; sourceTree = "<group>"; };
		D33FF1C821072956001A4286 /* MyTestAppTests.xctest */ = {isa = PBXFileReference; explicitFileType = wrapper.cfbundle; includeInIndex = 0; path = MyTestAppTests.xctest; sourceTree = BUILT_PRODUCTS_DIR; };
		D33FF1CC21072956001A4286 /* MyTestAppTests.swift */ = {isa = PBXFileReference; lastKnownFileType = sourcecode.swift; path = MyTestAppTests.swift; sourceTree = "<group>"; };
		D33FF1CE21072956001A4286 /* Info.plist */ = {isa = PBXFileReference; lastKnownFileType = text.plist.xml; path = Info.plist; sourceTree = "<group>"; };
		D33FF1D321072956001A4286 /* MyTestAppUITests.xctest */ = {isa = PBXFileReference; explicitFileType = wrapper.cfbundle; includeInIndex = 0; path = MyTestAppUITests.xctest; sourceTree = BUILT_PRODUCTS_DIR; };
		D33FF1D721072956001A4286 /* MyTestAppUITests.swift */ = {isa = PBXFileReference; lastKnownFileType = sourcecode.swift; path = MyTestAppUITests.swift; sourceTree = "<group>"; };
		D33FF1D921072956001A4286 /* Info.plist */ = {isa = PBXFileReference; lastKnownFileType = text.plist.xml; path = Info.plist; sourceTree = "<group>"; };
		D33FF1E521072E8B001A4286 /* MyCustomView.swift */ = {isa = PBXFileReference; lastKnownFileType = sourcecode.swift; path = MyCustomView.swift; sourceTree = "<group>"; };
		D33FF1E921072FD1001A4286 /* UIViewExntensions.swift */ = {isa = PBXFileReference; lastKnownFileType = sourcecode.swift; path = UIViewExntensions.swift; sourceTree = "<group>"; };
		D33FF1EB21073144001A4286 /* UILabelExtensions.swift */ = {isa = PBXFileReference; lastKnownFileType = sourcecode.swift; path = UILabelExtensions.swift; sourceTree = "<group>"; };
		D33FF1ED210739A3001A4286 /* MyCustomViewTests.swift */ = {isa = PBXFileReference; lastKnownFileType = sourcecode.swift; path = MyCustomViewTests.swift; sourceTree = "<group>"; };
		FB723EFCEA48BB5BF872FF69 /* Pods_MyTestAppUITests.framework */ = {isa = PBXFileReference; explicitFileType = wrapper.framework; includeInIndex = 0; path = Pods_MyTestAppUITests.framework; sourceTree = BUILT_PRODUCTS_DIR; };
/* End PBXFileReference section */

/* Begin PBXFrameworksBuildPhase section */
		D33FF1B121072955001A4286 /* Frameworks */ = {
			isa = PBXFrameworksBuildPhase;
			buildActionMask = 2147483647;
			files = (
				CD93C162C46D6AFBA4D4A23D /* Pods_MyTestApp.framework in Frameworks */,
			);
			runOnlyForDeploymentPostprocessing = 0;
		};
		D33FF1C521072956001A4286 /* Frameworks */ = {
			isa = PBXFrameworksBuildPhase;
			buildActionMask = 2147483647;
			files = (
				61A0FD824D548F997B5A4FA0 /* Pods_MyTestAppTests.framework in Frameworks */,
			);
			runOnlyForDeploymentPostprocessing = 0;
		};
		D33FF1D021072956001A4286 /* Frameworks */ = {
			isa = PBXFrameworksBuildPhase;
			buildActionMask = 2147483647;
			files = (
				0363C9E5447442341C574D0B /* Pods_MyTestAppUITests.framework in Frameworks */,
			);
			runOnlyForDeploymentPostprocessing = 0;
		};
/* End PBXFrameworksBuildPhase section */

/* Begin PBXGroup section */
		149828C8B69DDC9BEF2BD904 /* Pods */ = {
			isa = PBXGroup;
			children = (
				9E37B26A85CC38A292217795 /* Pods-MyTestApp.debug.xcconfig */,
				B85FEF8C9CA8E5A9460444CE /* Pods-MyTestApp.release.xcconfig */,
				1BA303F73FB5E5923749DA49 /* Pods-MyTestAppTests.debug.xcconfig */,
				5EE9EC62498AECA33B2ADE7C /* Pods-MyTestAppTests.release.xcconfig */,
				B1E300619C67EA0FCF5F7FA6 /* Pods-MyTestAppUITests.debug.xcconfig */,
				3DE6034F286D2C51CF0BCFE5 /* Pods-MyTestAppUITests.release.xcconfig */,
			);
			name = Pods;
			sourceTree = "<group>";
		};
		D33FF1AB21072955001A4286 = {
			isa = PBXGroup;
			children = (
				D33FF1B621072955001A4286 /* MyTestApp */,
				D33FF1CB21072956001A4286 /* MyTestAppTests */,
				D33FF1D621072956001A4286 /* MyTestAppUITests */,
				D33FF1B521072955001A4286 /* Products */,
				149828C8B69DDC9BEF2BD904 /* Pods */,
				DBEE6DE5771AE7DA7445964A /* Frameworks */,
			);
			sourceTree = "<group>";
		};
		D33FF1B521072955001A4286 /* Products */ = {
			isa = PBXGroup;
			children = (
				D33FF1B421072955001A4286 /* MyTestApp.app */,
				D33FF1C821072956001A4286 /* MyTestAppTests.xctest */,
				D33FF1D321072956001A4286 /* MyTestAppUITests.xctest */,
			);
			name = Products;
			sourceTree = "<group>";
		};
		D33FF1B621072955001A4286 /* MyTestApp */ = {
			isa = PBXGroup;
			children = (
				D33FF1B721072955001A4286 /* AppDelegate.swift */,
				D33FF1B921072955001A4286 /* ViewController.swift */,
				D33FF1E521072E8B001A4286 /* MyCustomView.swift */,
				D33FF1ED210739A3001A4286 /* MyCustomViewTests.swift */,
				D33FF1EB21073144001A4286 /* UILabelExtensions.swift */,
				D33FF1E921072FD1001A4286 /* UIViewExntensions.swift */,
				D33FF1BB21072955001A4286 /* Main.storyboard */,
				D33FF1BE21072956001A4286 /* Assets.xcassets */,
				D33FF1C021072956001A4286 /* LaunchScreen.storyboard */,
				D33FF1C321072956001A4286 /* Info.plist */,
			);
			path = MyTestApp;
			sourceTree = "<group>";
		};
		D33FF1CB21072956001A4286 /* MyTestAppTests */ = {
			isa = PBXGroup;
			children = (
				D33FF1CC21072956001A4286 /* MyTestAppTests.swift */,
				D33FF1CE21072956001A4286 /* Info.plist */,
			);
			path = MyTestAppTests;
			sourceTree = "<group>";
		};
		D33FF1D621072956001A4286 /* MyTestAppUITests */ = {
			isa = PBXGroup;
			children = (
				D33FF1D721072956001A4286 /* MyTestAppUITests.swift */,
				D33FF1D921072956001A4286 /* Info.plist */,
			);
			path = MyTestAppUITests;
			sourceTree = "<group>";
		};
		DBEE6DE5771AE7DA7445964A /* Frameworks */ = {
			isa = PBXGroup;
			children = (
				406E9118E5B7C4B9449AA05C /* Pods_MyTestApp.framework */,
				D0D0061F592E63C6A3B3C389 /* Pods_MyTestAppTests.framework */,
				FB723EFCEA48BB5BF872FF69 /* Pods_MyTestAppUITests.framework */,
			);
			name = Frameworks;
			sourceTree = "<group>";
		};
/* End PBXGroup section */

/* Begin PBXNativeTarget section */
		D33FF1B321072955001A4286 /* MyTestApp */ = {
			isa = PBXNativeTarget;
			buildConfigurationList = D33FF1DC21072956001A4286 /* Build configuration list for PBXNativeTarget "MyTestApp" */;
			buildPhases = (
				01A9D8E7D692013E4B0BAADD /* [CP] Check Pods Manifest.lock */,
				D33FF1B021072955001A4286 /* Sources */,
				D33FF1B121072955001A4286 /* Frameworks */,
				D33FF1B221072955001A4286 /* Resources */,
			);
			buildRules = (
			);
			dependencies = (
			);
			name = MyTestApp;
			productName = MyTestApp;
			productReference = D33FF1B421072955001A4286 /* MyTestApp.app */;
			productType = "com.apple.product-type.application";
		};
		D33FF1C721072956001A4286 /* MyTestAppTests */ = {
			isa = PBXNativeTarget;
			buildConfigurationList = D33FF1DF21072956001A4286 /* Build configuration list for PBXNativeTarget "MyTestAppTests" */;
			buildPhases = (
				581C2BC23F9C0BE893655005 /* [CP] Check Pods Manifest.lock */,
				D33FF1C421072956001A4286 /* Sources */,
				D33FF1C521072956001A4286 /* Frameworks */,
				D33FF1C621072956001A4286 /* Resources */,
				039B654921F6461443A85FBE /* [CP] Embed Pods Frameworks */,
			);
			buildRules = (
			);
			dependencies = (
				D33FF1CA21072956001A4286 /* PBXTargetDependency */,
			);
			name = MyTestAppTests;
			productName = MyTestAppTests;
			productReference = D33FF1C821072956001A4286 /* MyTestAppTests.xctest */;
			productType = "com.apple.product-type.bundle.unit-test";
		};
		D33FF1D221072956001A4286 /* MyTestAppUITests */ = {
			isa = PBXNativeTarget;
			buildConfigurationList = D33FF1E221072956001A4286 /* Build configuration list for PBXNativeTarget "MyTestAppUITests" */;
			buildPhases = (
				B7BEB5C1CAF12C8C4C59427D /* [CP] Check Pods Manifest.lock */,
				D33FF1CF21072956001A4286 /* Sources */,
				D33FF1D021072956001A4286 /* Frameworks */,
				D33FF1D121072956001A4286 /* Resources */,
			);
			buildRules = (
			);
			dependencies = (
				D33FF1D521072956001A4286 /* PBXTargetDependency */,
			);
			name = MyTestAppUITests;
			productName = MyTestAppUITests;
			productReference = D33FF1D321072956001A4286 /* MyTestAppUITests.xctest */;
			productType = "com.apple.product-type.bundle.ui-testing";
		};
/* End PBXNativeTarget section */

/* Begin PBXProject section */
		D33FF1AC21072955001A4286 /* Project object */ = {
			isa = PBXProject;
			attributes = {
				LastSwiftUpdateCheck = 0940;
				LastUpgradeCheck = 0940;
				ORGANIZATIONNAME = "Raunak Talwar";
				TargetAttributes = {
					D33FF1B321072955001A4286 = {
						CreatedOnToolsVersion = 9.4;
					};
					D33FF1C721072956001A4286 = {
						CreatedOnToolsVersion = 9.4;
						TestTargetID = D33FF1B321072955001A4286;
					};
					D33FF1D221072956001A4286 = {
						CreatedOnToolsVersion = 9.4;
						TestTargetID = D33FF1B321072955001A4286;
					};
				};
			};
			buildConfigurationList = D33FF1AF21072955001A4286 /* Build configuration list for PBXProject "MyTestApp" */;
			compatibilityVersion = "Xcode 9.3";
			developmentRegion = en;
			hasScannedForEncodings = 0;
			knownRegions = (
				en,
				Base,
			);
			mainGroup = D33FF1AB21072955001A4286;
			productRefGroup = D33FF1B521072955001A4286 /* Products */;
			projectDirPath = "";
			projectRoot = "";
			targets = (
				D33FF1B321072955001A4286 /* MyTestApp */,
				D33FF1C721072956001A4286 /* MyTestAppTests */,
				D33FF1D221072956001A4286 /* MyTestAppUITests */,
			);
		};
/* End PBXProject section */

/* Begin PBXResourcesBuildPhase section */
		D33FF1B221072955001A4286 /* Resources */ = {
			isa = PBXResourcesBuildPhase;
			buildActionMask = 2147483647;
			files = (
				D33FF1C221072956001A4286 /* LaunchScreen.storyboard in Resources */,
				D33FF1BF21072956001A4286 /* Assets.xcassets in Resources */,
				D33FF1BD21072955001A4286 /* Main.storyboard in Resources */,
			);
			runOnlyForDeploymentPostprocessing = 0;
		};
		D33FF1C621072956001A4286 /* Resources */ = {
			isa = PBXResourcesBuildPhase;
			buildActionMask = 2147483647;
			files = (
			);
			runOnlyForDeploymentPostprocessing = 0;
		};
		D33FF1D121072956001A4286 /* Resources */ = {
			isa = PBXResourcesBuildPhase;
			buildActionMask = 2147483647;
			files = (
			);
			runOnlyForDeploymentPostprocessing = 0;
		};
/* End PBXResourcesBuildPhase section */

/* Begin PBXShellScriptBuildPhase section */
		01A9D8E7D692013E4B0BAADD /* [CP] Check Pods Manifest.lock */ = {
			isa = PBXShellScriptBuildPhase;
			buildActionMask = 2147483647;
			files = (
			);
			inputPaths = (
				"${PODS_PODFILE_DIR_PATH}/Podfile.lock",
				"${PODS_ROOT}/Manifest.lock",
			);
			name = "[CP] Check Pods Manifest.lock";
			outputPaths = (
				"$(DERIVED_FILE_DIR)/Pods-MyTestApp-checkManifestLockResult.txt",
			);
			runOnlyForDeploymentPostprocessing = 0;
			shellPath = /bin/sh;
			shellScript = "diff \"${PODS_PODFILE_DIR_PATH}/Podfile.lock\" \"${PODS_ROOT}/Manifest.lock\" > /dev/null\nif [ $? != 0 ] ; then\n    # print error to STDERR\n    echo \"error: The sandbox is not in sync with the Podfile.lock. Run 'pod install' or update your CocoaPods installation.\" >&2\n    exit 1\nfi\n# This output is used by Xcode 'outputs' to avoid re-running this script phase.\necho \"SUCCESS\" > \"${SCRIPT_OUTPUT_FILE_0}\"\n";
			showEnvVarsInLog = 0;
		};
		039B654921F6461443A85FBE /* [CP] Embed Pods Frameworks */ = {
			isa = PBXShellScriptBuildPhase;
			buildActionMask = 2147483647;
			files = (
			);
			inputPaths = (
				"${SRCROOT}/Pods/Target Support Files/Pods-MyTestAppTests/Pods-MyTestAppTests-frameworks.sh",
				"${BUILT_PRODUCTS_DIR}/LayoutTest/LayoutTest.framework",
				"${BUILT_PRODUCTS_DIR}/LayoutTestBase/LayoutTestBase.framework",
			);
			name = "[CP] Embed Pods Frameworks";
			outputPaths = (
				"${TARGET_BUILD_DIR}/${FRAMEWORKS_FOLDER_PATH}/LayoutTest.framework",
				"${TARGET_BUILD_DIR}/${FRAMEWORKS_FOLDER_PATH}/LayoutTestBase.framework",
			);
			runOnlyForDeploymentPostprocessing = 0;
			shellPath = /bin/sh;
			shellScript = "\"${SRCROOT}/Pods/Target Support Files/Pods-MyTestAppTests/Pods-MyTestAppTests-frameworks.sh\"\n";
			showEnvVarsInLog = 0;
		};
		581C2BC23F9C0BE893655005 /* [CP] Check Pods Manifest.lock */ = {
			isa = PBXShellScriptBuildPhase;
			buildActionMask = 2147483647;
			files = (
			);
			inputPaths = (
				"${PODS_PODFILE_DIR_PATH}/Podfile.lock",
				"${PODS_ROOT}/Manifest.lock",
			);
			name = "[CP] Check Pods Manifest.lock";
			outputPaths = (
				"$(DERIVED_FILE_DIR)/Pods-MyTestAppTests-checkManifestLockResult.txt",
			);
			runOnlyForDeploymentPostprocessing = 0;
			shellPath = /bin/sh;
			shellScript = "diff \"${PODS_PODFILE_DIR_PATH}/Podfile.lock\" \"${PODS_ROOT}/Manifest.lock\" > /dev/null\nif [ $? != 0 ] ; then\n    # print error to STDERR\n    echo \"error: The sandbox is not in sync with the Podfile.lock. Run 'pod install' or update your CocoaPods installation.\" >&2\n    exit 1\nfi\n# This output is used by Xcode 'outputs' to avoid re-running this script phase.\necho \"SUCCESS\" > \"${SCRIPT_OUTPUT_FILE_0}\"\n";
			showEnvVarsInLog = 0;
		};
		B7BEB5C1CAF12C8C4C59427D /* [CP] Check Pods Manifest.lock */ = {
			isa = PBXShellScriptBuildPhase;
			buildActionMask = 2147483647;
			files = (
			);
			inputPaths = (
				"${PODS_PODFILE_DIR_PATH}/Podfile.lock",
				"${PODS_ROOT}/Manifest.lock",
			);
			name = "[CP] Check Pods Manifest.lock";
			outputPaths = (
				"$(DERIVED_FILE_DIR)/Pods-MyTestAppUITests-checkManifestLockResult.txt",
			);
			runOnlyForDeploymentPostprocessing = 0;
			shellPath = /bin/sh;
			shellScript = "diff \"${PODS_PODFILE_DIR_PATH}/Podfile.lock\" \"${PODS_ROOT}/Manifest.lock\" > /dev/null\nif [ $? != 0 ] ; then\n    # print error to STDERR\n    echo \"error: The sandbox is not in sync with the Podfile.lock. Run 'pod install' or update your CocoaPods installation.\" >&2\n    exit 1\nfi\n# This output is used by Xcode 'outputs' to avoid re-running this script phase.\necho \"SUCCESS\" > \"${SCRIPT_OUTPUT_FILE_0}\"\n";
			showEnvVarsInLog = 0;
		};
/* End PBXShellScriptBuildPhase section */

/* Begin PBXSourcesBuildPhase section */
		D33FF1B021072955001A4286 /* Sources */ = {
			isa = PBXSourcesBuildPhase;
			buildActionMask = 2147483647;
			files = (
				D33FF1BA21072955001A4286 /* ViewController.swift in Sources */,
				D33FF1EA21072FD1001A4286 /* UIViewExntensions.swift in Sources */,
				D33FF1EC21073144001A4286 /* UILabelExtensions.swift in Sources */,
				D33FF1E621072E8B001A4286 /* MyCustomView.swift in Sources */,
				D33FF1B821072955001A4286 /* AppDelegate.swift in Sources */,
			);
			runOnlyForDeploymentPostprocessing = 0;
		};
		D33FF1C421072956001A4286 /* Sources */ = {
			isa = PBXSourcesBuildPhase;
			buildActionMask = 2147483647;
			files = (
				D33FF1CD21072956001A4286 /* MyTestAppTests.swift in Sources */,
				D33FF1EE210739A3001A4286 /* MyCustomViewTests.swift in Sources */,
			);
			runOnlyForDeploymentPostprocessing = 0;
		};
		D33FF1CF21072956001A4286 /* Sources */ = {
			isa = PBXSourcesBuildPhase;
			buildActionMask = 2147483647;
			files = (
				D33FF1D821072956001A4286 /* MyTestAppUITests.swift in Sources */,
			);
			runOnlyForDeploymentPostprocessing = 0;
		};
/* End PBXSourcesBuildPhase section */

/* Begin PBXTargetDependency section */
		D33FF1CA21072956001A4286 /* PBXTargetDependency */ = {
			isa = PBXTargetDependency;
			target = D33FF1B321072955001A4286 /* MyTestApp */;
			targetProxy = D33FF1C921072956001A4286 /* PBXContainerItemProxy */;
		};
		D33FF1D521072956001A4286 /* PBXTargetDependency */ = {
			isa = PBXTargetDependency;
			target = D33FF1B321072955001A4286 /* MyTestApp */;
			targetProxy = D33FF1D421072956001A4286 /* PBXContainerItemProxy */;
		};
/* End PBXTargetDependency section */

/* Begin PBXVariantGroup section */
		D33FF1BB21072955001A4286 /* Main.storyboard */ = {
			isa = PBXVariantGroup;
			children = (
				D33FF1BC21072955001A4286 /* Base */,
			);
			name = Main.storyboard;
			sourceTree = "<group>";
		};
		D33FF1C021072956001A4286 /* LaunchScreen.storyboard */ = {
			isa = PBXVariantGroup;
			children = (
				D33FF1C121072956001A4286 /* Base */,
			);
			name = LaunchScreen.storyboard;
			sourceTree = "<group>";
		};
/* End PBXVariantGroup section */

/* Begin XCBuildConfiguration section */
		D33FF1DA21072956001A4286 /* Debug */ = {
			isa = XCBuildConfiguration;
			buildSettings = {
				ALWAYS_SEARCH_USER_PATHS = NO;
				CLANG_ANALYZER_NONNULL = YES;
				CLANG_ANALYZER_NUMBER_OBJECT_CONVERSION = YES_AGGRESSIVE;
				CLANG_CXX_LANGUAGE_STANDARD = "gnu++14";
				CLANG_CXX_LIBRARY = "libc++";
				CLANG_ENABLE_MODULES = YES;
				CLANG_ENABLE_OBJC_ARC = YES;
				CLANG_ENABLE_OBJC_WEAK = YES;
				CLANG_WARN_BLOCK_CAPTURE_AUTORELEASING = YES;
				CLANG_WARN_BOOL_CONVERSION = YES;
				CLANG_WARN_COMMA = YES;
				CLANG_WARN_CONSTANT_CONVERSION = YES;
				CLANG_WARN_DEPRECATED_OBJC_IMPLEMENTATIONS = YES;
				CLANG_WARN_DIRECT_OBJC_ISA_USAGE = YES_ERROR;
				CLANG_WARN_DOCUMENTATION_COMMENTS = YES;
				CLANG_WARN_EMPTY_BODY = YES;
				CLANG_WARN_ENUM_CONVERSION = YES;
				CLANG_WARN_INFINITE_RECURSION = YES;
				CLANG_WARN_INT_CONVERSION = YES;
				CLANG_WARN_NON_LITERAL_NULL_CONVERSION = YES;
				CLANG_WARN_OBJC_IMPLICIT_RETAIN_SELF = YES;
				CLANG_WARN_OBJC_LITERAL_CONVERSION = YES;
				CLANG_WARN_OBJC_ROOT_CLASS = YES_ERROR;
				CLANG_WARN_RANGE_LOOP_ANALYSIS = YES;
				CLANG_WARN_STRICT_PROTOTYPES = YES;
				CLANG_WARN_SUSPICIOUS_MOVE = YES;
				CLANG_WARN_UNGUARDED_AVAILABILITY = YES_AGGRESSIVE;
				CLANG_WARN_UNREACHABLE_CODE = YES;
				CLANG_WARN__DUPLICATE_METHOD_MATCH = YES;
				CODE_SIGN_IDENTITY = "iPhone Developer";
				COPY_PHASE_STRIP = NO;
				DEBUG_INFORMATION_FORMAT = dwarf;
				ENABLE_STRICT_OBJC_MSGSEND = YES;
				ENABLE_TESTABILITY = YES;
				GCC_C_LANGUAGE_STANDARD = gnu11;
				GCC_DYNAMIC_NO_PIC = NO;
				GCC_NO_COMMON_BLOCKS = YES;
				GCC_OPTIMIZATION_LEVEL = 0;
				GCC_PREPROCESSOR_DEFINITIONS = (
					"DEBUG=1",
					"$(inherited)",
				);
				GCC_WARN_64_TO_32_BIT_CONVERSION = YES;
				GCC_WARN_ABOUT_RETURN_TYPE = YES_ERROR;
				GCC_WARN_UNDECLARED_SELECTOR = YES;
				GCC_WARN_UNINITIALIZED_AUTOS = YES_AGGRESSIVE;
				GCC_WARN_UNUSED_FUNCTION = YES;
				GCC_WARN_UNUSED_VARIABLE = YES;
				IPHONEOS_DEPLOYMENT_TARGET = 11.4;
				MTL_ENABLE_DEBUG_INFO = YES;
				ONLY_ACTIVE_ARCH = YES;
				SDKROOT = iphoneos;
				SWIFT_ACTIVE_COMPILATION_CONDITIONS = DEBUG;
				SWIFT_OPTIMIZATION_LEVEL = "-Onone";
			};
			name = Debug;
		};
		D33FF1DB21072956001A4286 /* Release */ = {
			isa = XCBuildConfiguration;
			buildSettings = {
				ALWAYS_SEARCH_USER_PATHS = NO;
				CLANG_ANALYZER_NONNULL = YES;
				CLANG_ANALYZER_NUMBER_OBJECT_CONVERSION = YES_AGGRESSIVE;
				CLANG_CXX_LANGUAGE_STANDARD = "gnu++14";
				CLANG_CXX_LIBRARY = "libc++";
				CLANG_ENABLE_MODULES = YES;
				CLANG_ENABLE_OBJC_ARC = YES;
				CLANG_ENABLE_OBJC_WEAK = YES;
				CLANG_WARN_BLOCK_CAPTURE_AUTORELEASING = YES;
				CLANG_WARN_BOOL_CONVERSION = YES;
				CLANG_WARN_COMMA = YES;
				CLANG_WARN_CONSTANT_CONVERSION = YES;
				CLANG_WARN_DEPRECATED_OBJC_IMPLEMENTATIONS = YES;
				CLANG_WARN_DIRECT_OBJC_ISA_USAGE = YES_ERROR;
				CLANG_WARN_DOCUMENTATION_COMMENTS = YES;
				CLANG_WARN_EMPTY_BODY = YES;
				CLANG_WARN_ENUM_CONVERSION = YES;
				CLANG_WARN_INFINITE_RECURSION = YES;
				CLANG_WARN_INT_CONVERSION = YES;
				CLANG_WARN_NON_LITERAL_NULL_CONVERSION = YES;
				CLANG_WARN_OBJC_IMPLICIT_RETAIN_SELF = YES;
				CLANG_WARN_OBJC_LITERAL_CONVERSION = YES;
				CLANG_WARN_OBJC_ROOT_CLASS = YES_ERROR;
				CLANG_WARN_RANGE_LOOP_ANALYSIS = YES;
				CLANG_WARN_STRICT_PROTOTYPES = YES;
				CLANG_WARN_SUSPICIOUS_MOVE = YES;
				CLANG_WARN_UNGUARDED_AVAILABILITY = YES_AGGRESSIVE;
				CLANG_WARN_UNREACHABLE_CODE = YES;
				CLANG_WARN__DUPLICATE_METHOD_MATCH = YES;
				CODE_SIGN_IDENTITY = "iPhone Developer";
				COPY_PHASE_STRIP = NO;
				DEBUG_INFORMATION_FORMAT = "dwarf-with-dsym";
				ENABLE_NS_ASSERTIONS = NO;
				ENABLE_STRICT_OBJC_MSGSEND = YES;
				GCC_C_LANGUAGE_STANDARD = gnu11;
				GCC_NO_COMMON_BLOCKS = YES;
				GCC_WARN_64_TO_32_BIT_CONVERSION = YES;
				GCC_WARN_ABOUT_RETURN_TYPE = YES_ERROR;
				GCC_WARN_UNDECLARED_SELECTOR = YES;
				GCC_WARN_UNINITIALIZED_AUTOS = YES_AGGRESSIVE;
				GCC_WARN_UNUSED_FUNCTION = YES;
				GCC_WARN_UNUSED_VARIABLE = YES;
				IPHONEOS_DEPLOYMENT_TARGET = 11.4;
				MTL_ENABLE_DEBUG_INFO = NO;
				SDKROOT = iphoneos;
				SWIFT_COMPILATION_MODE = wholemodule;
				SWIFT_OPTIMIZATION_LEVEL = "-O";
				VALIDATE_PRODUCT = YES;
			};
			name = Release;
		};
		D33FF1DD21072956001A4286 /* Debug */ = {
			isa = XCBuildConfiguration;
			baseConfigurationReference = 9E37B26A85CC38A292217795 /* Pods-MyTestApp.debug.xcconfig */;
			buildSettings = {
				ASSETCATALOG_COMPILER_APPICON_NAME = AppIcon;
				CODE_SIGN_STYLE = Automatic;
				DEVELOPMENT_TEAM = P3HKWL96W4;
				INFOPLIST_FILE = MyTestApp/Info.plist;
				LD_RUNPATH_SEARCH_PATHS = (
					"$(inherited)",
					"@executable_path/Frameworks",
				);
				PRODUCT_BUNDLE_IDENTIFIER = RT.MyTestApp;
				PRODUCT_NAME = "$(TARGET_NAME)";
				SWIFT_VERSION = 4.0;
				TARGETED_DEVICE_FAMILY = "1,2";
			};
			name = Debug;
		};
		D33FF1DE21072956001A4286 /* Release */ = {
			isa = XCBuildConfiguration;
			baseConfigurationReference = B85FEF8C9CA8E5A9460444CE /* Pods-MyTestApp.release.xcconfig */;
			buildSettings = {
				ASSETCATALOG_COMPILER_APPICON_NAME = AppIcon;
				CODE_SIGN_STYLE = Automatic;
				DEVELOPMENT_TEAM = P3HKWL96W4;
				INFOPLIST_FILE = MyTestApp/Info.plist;
				LD_RUNPATH_SEARCH_PATHS = (
					"$(inherited)",
					"@executable_path/Frameworks",
				);
				PRODUCT_BUNDLE_IDENTIFIER = RT.MyTestApp;
				PRODUCT_NAME = "$(TARGET_NAME)";
				SWIFT_VERSION = 4.0;
				TARGETED_DEVICE_FAMILY = "1,2";
			};
			name = Release;
		};
		D33FF1E021072956001A4286 /* Debug */ = {
			isa = XCBuildConfiguration;
			baseConfigurationReference = 1BA303F73FB5E5923749DA49 /* Pods-MyTestAppTests.debug.xcconfig */;
			buildSettings = {
				ALWAYS_EMBED_SWIFT_STANDARD_LIBRARIES = YES;
				BUNDLE_LOADER = "$(TEST_HOST)";
				CODE_SIGN_STYLE = Automatic;
				DEVELOPMENT_TEAM = P3HKWL96W4;
				INFOPLIST_FILE = MyTestAppTests/Info.plist;
				LD_RUNPATH_SEARCH_PATHS = (
					"$(inherited)",
					"@executable_path/Frameworks",
					"@loader_path/Frameworks",
				);
				PRODUCT_BUNDLE_IDENTIFIER = RT.MyTestAppTests;
				PRODUCT_NAME = "$(TARGET_NAME)";
				SWIFT_VERSION = 4.0;
				TARGETED_DEVICE_FAMILY = "1,2";
				TEST_HOST = "$(BUILT_PRODUCTS_DIR)/MyTestApp.app/MyTestApp";
			};
			name = Debug;
		};
		D33FF1E121072956001A4286 /* Release */ = {
			isa = XCBuildConfiguration;
			baseConfigurationReference = 5EE9EC62498AECA33B2ADE7C /* Pods-MyTestAppTests.release.xcconfig */;
			buildSettings = {
				ALWAYS_EMBED_SWIFT_STANDARD_LIBRARIES = YES;
				BUNDLE_LOADER = "$(TEST_HOST)";
				CODE_SIGN_STYLE = Automatic;
				DEVELOPMENT_TEAM = P3HKWL96W4;
				INFOPLIST_FILE = MyTestAppTests/Info.plist;
				LD_RUNPATH_SEARCH_PATHS = (
					"$(inherited)",
					"@executable_path/Frameworks",
					"@loader_path/Frameworks",
				);
				PRODUCT_BUNDLE_IDENTIFIER = RT.MyTestAppTests;
				PRODUCT_NAME = "$(TARGET_NAME)";
				SWIFT_VERSION = 4.0;
				TARGETED_DEVICE_FAMILY = "1,2";
				TEST_HOST = "$(BUILT_PRODUCTS_DIR)/MyTestApp.app/MyTestApp";
			};
			name = Release;
		};
		D33FF1E321072956001A4286 /* Debug */ = {
			isa = XCBuildConfiguration;
			baseConfigurationReference = B1E300619C67EA0FCF5F7FA6 /* Pods-MyTestAppUITests.debug.xcconfig */;
			buildSettings = {
				ALWAYS_EMBED_SWIFT_STANDARD_LIBRARIES = YES;
				CODE_SIGN_STYLE = Automatic;
				DEVELOPMENT_TEAM = P3HKWL96W4;
				INFOPLIST_FILE = MyTestAppUITests/Info.plist;
				LD_RUNPATH_SEARCH_PATHS = (
					"$(inherited)",
					"@executable_path/Frameworks",
					"@loader_path/Frameworks",
				);
				PRODUCT_BUNDLE_IDENTIFIER = RT.MyTestAppUITests;
				PRODUCT_NAME = "$(TARGET_NAME)";
				SWIFT_VERSION = 4.0;
				TARGETED_DEVICE_FAMILY = "1,2";
				TEST_TARGET_NAME = MyTestApp;
			};
			name = Debug;
		};
		D33FF1E421072956001A4286 /* Release */ = {
			isa = XCBuildConfiguration;
			baseConfigurationReference = 3DE6034F286D2C51CF0BCFE5 /* Pods-MyTestAppUITests.release.xcconfig */;
			buildSettings = {
				ALWAYS_EMBED_SWIFT_STANDARD_LIBRARIES = YES;
				CODE_SIGN_STYLE = Automatic;
				DEVELOPMENT_TEAM = P3HKWL96W4;
				INFOPLIST_FILE = MyTestAppUITests/Info.plist;
				LD_RUNPATH_SEARCH_PATHS = (
					"$(inherited)",
					"@executable_path/Frameworks",
					"@loader_path/Frameworks",
				);
				PRODUCT_BUNDLE_IDENTIFIER = RT.MyTestAppUITests;
				PRODUCT_NAME = "$(TARGET_NAME)";
				SWIFT_VERSION = 4.0;
				TARGETED_DEVICE_FAMILY = "1,2";
				TEST_TARGET_NAME = MyTestApp;
			};
			name = Release;
		};
/* End XCBuildConfiguration section */

/* Begin XCConfigurationList section */
		D33FF1AF21072955001A4286 /* Build configuration list for PBXProject "MyTestApp" */ = {
			isa = XCConfigurationList;
			buildConfigurations = (
				D33FF1DA21072956001A4286 /* Debug */,
				D33FF1DB21072956001A4286 /* Release */,
			);
			defaultConfigurationIsVisible = 0;
			defaultConfigurationName = Release;
		};
		D33FF1DC21072956001A4286 /* Build configuration list for PBXNativeTarget "MyTestApp" */ = {
			isa = XCConfigurationList;
			buildConfigurations = (
				D33FF1DD21072956001A4286 /* Debug */,
				D33FF1DE21072956001A4286 /* Release */,
			);
			defaultConfigurationIsVisible = 0;
			defaultConfigurationName = Release;
		};
		D33FF1DF21072956001A4286 /* Build configuration list for PBXNativeTarget "MyTestAppTests" */ = {
			isa = XCConfigurationList;
			buildConfigurations = (
				D33FF1E021072956001A4286 /* Debug */,
				D33FF1E121072956001A4286 /* Release */,
			);
			defaultConfigurationIsVisible = 0;
			defaultConfigurationName = Release;
		};
		D33FF1E221072956001A4286 /* Build configuration list for PBXNativeTarget "MyTestAppUITests" */ = {
			isa = XCConfigurationList;
			buildConfigurations = (
				D33FF1E321072956001A4286 /* Debug */,
				D33FF1E421072956001A4286 /* Release */,
			);
			defaultConfigurationIsVisible = 0;
			defaultConfigurationName = Release;
		};
/* End XCConfigurationList section */
	};
	rootObject = D33FF1AC21072955001A4286 /* Project object */;
}
